// !$*UTF8*$!
{
	archiveVersion = 1;
	classes = {
	};
	objectVersion = 46;
	objects = {

/* Begin PBXBuildFile section */
		E93DD6381B055446001A2FB8 /* absattr.cpp in Sources */ = {isa = PBXBuildFile; fileRef = E95145BA0E275411003D020C /* absattr.cpp */; };
		E93DD6431B055451001A2FB8 /* absattr.cpp in Sources */ = {isa = PBXBuildFile; fileRef = E95145BA0E275411003D020C /* absattr.cpp */; };
		E93DD64D1B055DAB001A2FB8 /* absattr.cpp in Sources */ = {isa = PBXBuildFile; fileRef = E95145BA0E275411003D020C /* absattr.cpp */; };
		E95145BB0E275411003D020C /* absattr.cpp in Sources */ = {isa = PBXBuildFile; fileRef = E95145BA0E275411003D020C /* absattr.cpp */; };
		E95145BC0E275411003D020C /* absattr.cpp in Sources */ = {isa = PBXBuildFile; fileRef = E95145BA0E275411003D020C /* absattr.cpp */; };
		E9974E5B0770851500206F68 /* MaxAPI.framework in Frameworks */ = {isa = PBXBuildFile; fileRef = E9974DFA0770750400206F68 /* MaxAPI.framework */; };
		E9974E5C0770851700206F68 /* MaxAudioAPI.framework in Frameworks */ = {isa = PBXBuildFile; fileRef = E9974DFB0770750400206F68 /* MaxAudioAPI.framework */; };
/* End PBXBuildFile section */

/* Begin PBXCopyFilesBuildPhase section */
		E9974EC207708C9300206F68 /* CopyFiles */ = {
			isa = PBXCopyFilesBuildPhase;
			buildActionMask = 8;
			dstPath = "/Library/Application Support/Cycling '74/init";
			dstSubfolderSpec = 0;
			files = (
			);
			runOnlyForDeploymentPostprocessing = 1;
		};
/* End PBXCopyFilesBuildPhase section */

/* Begin PBXFileReference section */
		D2AAC09D05546B4700DB518D /* absattr.pd_darwin */ = {isa = PBXFileReference; explicitFileType = "compiled.mach-o.dylib"; includeInIndex = 0; path = absattr.pd_darwin; sourceTree = BUILT_PRODUCTS_DIR; };
		E93DD63D1B055446001A2FB8 /* absattr.pd_darwin */ = {isa = PBXFileReference; explicitFileType = "compiled.mach-o.dylib"; includeInIndex = 0; path = absattr.pd_darwin; sourceTree = BUILT_PRODUCTS_DIR; };
		E93DD6481B055451001A2FB8 /* absattr.pd_darwin */ = {isa = PBXFileReference; explicitFileType = "compiled.mach-o.dylib"; includeInIndex = 0; path = absattr.pd_darwin; sourceTree = BUILT_PRODUCTS_DIR; };
		E93DD6521B055DAB001A2FB8 /* absattr.pd_darwin */ = {isa = PBXFileReference; explicitFileType = "compiled.mach-o.dylib"; includeInIndex = 0; path = absattr.pd_darwin; sourceTree = BUILT_PRODUCTS_DIR; };
		E95145BA0E275411003D020C /* absattr.cpp */ = {isa = PBXFileReference; fileEncoding = 4; lastKnownFileType = sourcecode.cpp.cpp; path = absattr.cpp; sourceTree = "<group>"; };
		E9974DFA0770750400206F68 /* MaxAPI.framework */ = {isa = PBXFileReference; lastKnownFileType = wrapper.framework; name = MaxAPI.framework; path = /Library/Frameworks/MaxAPI.framework; sourceTree = "<absolute>"; };
		E9974DFB0770750400206F68 /* MaxAudioAPI.framework */ = {isa = PBXFileReference; lastKnownFileType = wrapper.framework; name = MaxAudioAPI.framework; path = /Library/Frameworks/MaxAudioAPI.framework; sourceTree = "<absolute>"; };
		E9974E53077083C700206F68 /* absattr.mxo */ = {isa = PBXFileReference; explicitFileType = wrapper.cfbundle; includeInIndex = 0; path = absattr.mxo; sourceTree = BUILT_PRODUCTS_DIR; };
		E99A3B760D35508600E692EF /* Info.plist */ = {isa = PBXFileReference; fileEncoding = 30; lastKnownFileType = text.plist.xml; path = Info.plist; sourceTree = "<group>"; };
/* End PBXFileReference section */

/* Begin PBXFrameworksBuildPhase section */
		D2AAC09B05546B4700DB518D /* Frameworks */ = {
			isa = PBXFrameworksBuildPhase;
			buildActionMask = 2147483647;
			files = (
			);
			runOnlyForDeploymentPostprocessing = 0;
		};
		E93DD6351B055446001A2FB8 /* Frameworks */ = {
			isa = PBXFrameworksBuildPhase;
			buildActionMask = 2147483647;
			files = (
			);
			runOnlyForDeploymentPostprocessing = 0;
		};
		E93DD6401B055451001A2FB8 /* Frameworks */ = {
			isa = PBXFrameworksBuildPhase;
			buildActionMask = 2147483647;
			files = (
			);
			runOnlyForDeploymentPostprocessing = 0;
		};
		E93DD64B1B055DAB001A2FB8 /* Frameworks */ = {
			isa = PBXFrameworksBuildPhase;
			buildActionMask = 2147483647;
			files = (
			);
			runOnlyForDeploymentPostprocessing = 0;
		};
		E9974E51077083C700206F68 /* Frameworks */ = {
			isa = PBXFrameworksBuildPhase;
			buildActionMask = 2147483647;
			files = (
				E9974E5C0770851700206F68 /* MaxAudioAPI.framework in Frameworks */,
				E9974E5B0770851500206F68 /* MaxAPI.framework in Frameworks */,
			);
			runOnlyForDeploymentPostprocessing = 0;
		};
/* End PBXFrameworksBuildPhase section */

/* Begin PBXGroup section */
		034768DDFF38A45A11DB9C8B /* Products */ = {
			isa = PBXGroup;
			children = (
				D2AAC09D05546B4700DB518D /* absattr.pd_darwin */,
				E9974E53077083C700206F68 /* absattr.mxo */,
				E93DD63D1B055446001A2FB8 /* absattr.pd_darwin */,
				E93DD6481B055451001A2FB8 /* absattr.pd_darwin */,
				E93DD6521B055DAB001A2FB8 /* absattr.pd_darwin */,
			);
			name = Products;
			sourceTree = "<group>";
		};
		0867D691FE84028FC02AAC07 /* xsample */ = {
			isa = PBXGroup;
			children = (
				08FB77ACFE841707C02AAC07 /* Source */,
				0867D69AFE84028FC02AAC07 /* External Frameworks and Libraries */,
				034768DDFF38A45A11DB9C8B /* Products */,
			);
			name = xsample;
			sourceTree = "<group>";
		};
		0867D69AFE84028FC02AAC07 /* External Frameworks and Libraries */ = {
			isa = PBXGroup;
			children = (
				E9974DFA0770750400206F68 /* MaxAPI.framework */,
				E9974DFB0770750400206F68 /* MaxAudioAPI.framework */,
			);
			name = "External Frameworks and Libraries";
			sourceTree = "<group>";
		};
		08FB77ACFE841707C02AAC07 /* Source */ = {
			isa = PBXGroup;
			children = (
				E95145BA0E275411003D020C /* absattr.cpp */,
				E99A3B760D35508600E692EF /* Info.plist */,
			);
			name = Source;
			sourceTree = "<group>";
		};
/* End PBXGroup section */

/* Begin PBXHeadersBuildPhase section */
		D2AAC09905546B4700DB518D /* Headers */ = {
			isa = PBXHeadersBuildPhase;
			buildActionMask = 2147483647;
			files = (
			);
			runOnlyForDeploymentPostprocessing = 0;
		};
		E93DD6341B055446001A2FB8 /* Headers */ = {
			isa = PBXHeadersBuildPhase;
			buildActionMask = 2147483647;
			files = (
			);
			runOnlyForDeploymentPostprocessing = 0;
		};
		E93DD63F1B055451001A2FB8 /* Headers */ = {
			isa = PBXHeadersBuildPhase;
			buildActionMask = 2147483647;
			files = (
			);
			runOnlyForDeploymentPostprocessing = 0;
		};
		E93DD64A1B055DAB001A2FB8 /* Headers */ = {
			isa = PBXHeadersBuildPhase;
			buildActionMask = 2147483647;
			files = (
			);
			runOnlyForDeploymentPostprocessing = 0;
		};
/* End PBXHeadersBuildPhase section */

/* Begin PBXNativeTarget section */
		D2AAC09C05546B4700DB518D /* pd static */ = {
			isa = PBXNativeTarget;
			buildConfigurationList = E9A5BC8A0A33819900AD9F03 /* Build configuration list for PBXNativeTarget "pd static" */;
			buildPhases = (
				D2AAC09905546B4700DB518D /* Headers */,
				D2AAC09B05546B4700DB518D /* Frameworks */,
				D2AAC09A05546B4700DB518D /* Sources */,
			);
			buildRules = (
			);
			dependencies = (
			);
			name = "pd static";
			productName = xsample;
			productReference = D2AAC09D05546B4700DB518D /* absattr.pd_darwin */;
			productType = "com.apple.product-type.library.dynamic";
		};
		E93DD6331B055446001A2FB8 /* pd inline */ = {
			isa = PBXNativeTarget;
			buildConfigurationList = E93DD6391B055446001A2FB8 /* Build configuration list for PBXNativeTarget "pd inline" */;
			buildPhases = (
				E93DD6341B055446001A2FB8 /* Headers */,
				E93DD6351B055446001A2FB8 /* Frameworks */,
				E93DD6371B055446001A2FB8 /* Sources */,
			);
			buildRules = (
			);
			dependencies = (
			);
			name = "pd inline";
			productName = xsample;
			productReference = E93DD63D1B055446001A2FB8 /* absattr.pd_darwin */;
			productType = "com.apple.product-type.library.dynamic";
		};
		E93DD63E1B055451001A2FB8 /* pd static multi */ = {
			isa = PBXNativeTarget;
			buildConfigurationList = E93DD6441B055451001A2FB8 /* Build configuration list for PBXNativeTarget "pd static multi" */;
			buildPhases = (
				E93DD63F1B055451001A2FB8 /* Headers */,
				E93DD6401B055451001A2FB8 /* Frameworks */,
				E93DD6421B055451001A2FB8 /* Sources */,
			);
			buildRules = (
			);
			dependencies = (
			);
			name = "pd static multi";
			productName = xsample;
			productReference = E93DD6481B055451001A2FB8 /* absattr.pd_darwin */;
			productType = "com.apple.product-type.library.dynamic";
		};
		E93DD6491B055DAB001A2FB8 /* pd inline multi */ = {
			isa = PBXNativeTarget;
			buildConfigurationList = E93DD64E1B055DAB001A2FB8 /* Build configuration list for PBXNativeTarget "pd inline multi" */;
			buildPhases = (
				E93DD64A1B055DAB001A2FB8 /* Headers */,
				E93DD64B1B055DAB001A2FB8 /* Frameworks */,
				E93DD64C1B055DAB001A2FB8 /* Sources */,
			);
			buildRules = (
			);
			dependencies = (
			);
			name = "pd inline multi";
			productName = xsample;
			productReference = E93DD6521B055DAB001A2FB8 /* absattr.pd_darwin */;
			productType = "com.apple.product-type.library.dynamic";
		};
		E9974E52077083C700206F68 /* max static */ = {
			isa = PBXNativeTarget;
			buildConfigurationList = E9A5BC8E0A33819900AD9F03 /* Build configuration list for PBXNativeTarget "max static" */;
			buildPhases = (
				E9974E4F077083C700206F68 /* Resources */,
				E9974E50077083C700206F68 /* Sources */,
				E9974E51077083C700206F68 /* Frameworks */,
				E9974EC207708C9300206F68 /* CopyFiles */,
			);
			buildRules = (
			);
			dependencies = (
			);
			name = "max static";
			productName = "Max xsample static";
			productReference = E9974E53077083C700206F68 /* absattr.mxo */;
			productType = "com.apple.product-type.bundle";
		};
/* End PBXNativeTarget section */

/* Begin PBXProject section */
		0867D690FE84028FC02AAC07 /* Project object */ = {
			isa = PBXProject;
			attributes = {
				LastUpgradeCheck = 0620;
			};
			buildConfigurationList = E9A5BC920A33819900AD9F03 /* Build configuration list for PBXProject "absattr" */;
			compatibilityVersion = "Xcode 3.2";
			developmentRegion = English;
			hasScannedForEncodings = 1;
			knownRegions = (
				en,
			);
			mainGroup = 0867D691FE84028FC02AAC07 /* xsample */;
			productRefGroup = 034768DDFF38A45A11DB9C8B /* Products */;
			projectDirPath = "";
			projectRoot = "";
			targets = (
				D2AAC09C05546B4700DB518D /* pd static */,
				E9974E52077083C700206F68 /* max static */,
				E93DD6331B055446001A2FB8 /* pd inline */,
				E93DD63E1B055451001A2FB8 /* pd static multi */,
				E93DD6491B055DAB001A2FB8 /* pd inline multi */,
			);
		};
/* End PBXProject section */

/* Begin PBXResourcesBuildPhase section */
		E9974E4F077083C700206F68 /* Resources */ = {
			isa = PBXResourcesBuildPhase;
			buildActionMask = 2147483647;
			files = (
			);
			runOnlyForDeploymentPostprocessing = 0;
		};
/* End PBXResourcesBuildPhase section */

/* Begin PBXSourcesBuildPhase section */
		D2AAC09A05546B4700DB518D /* Sources */ = {
			isa = PBXSourcesBuildPhase;
			buildActionMask = 2147483647;
			files = (
				E95145BB0E275411003D020C /* absattr.cpp in Sources */,
			);
			runOnlyForDeploymentPostprocessing = 0;
		};
		E93DD6371B055446001A2FB8 /* Sources */ = {
			isa = PBXSourcesBuildPhase;
			buildActionMask = 2147483647;
			files = (
				E93DD6381B055446001A2FB8 /* absattr.cpp in Sources */,
			);
			runOnlyForDeploymentPostprocessing = 0;
		};
		E93DD6421B055451001A2FB8 /* Sources */ = {
			isa = PBXSourcesBuildPhase;
			buildActionMask = 2147483647;
			files = (
				E93DD6431B055451001A2FB8 /* absattr.cpp in Sources */,
			);
			runOnlyForDeploymentPostprocessing = 0;
		};
		E93DD64C1B055DAB001A2FB8 /* Sources */ = {
			isa = PBXSourcesBuildPhase;
			buildActionMask = 2147483647;
			files = (
				E93DD64D1B055DAB001A2FB8 /* absattr.cpp in Sources */,
			);
			runOnlyForDeploymentPostprocessing = 0;
		};
		E9974E50077083C700206F68 /* Sources */ = {
			isa = PBXSourcesBuildPhase;
			buildActionMask = 2147483647;
			files = (
				E95145BC0E275411003D020C /* absattr.cpp in Sources */,
			);
			runOnlyForDeploymentPostprocessing = 0;
		};
/* End PBXSourcesBuildPhase section */

/* Begin XCBuildConfiguration section */
		E93DD63A1B055446001A2FB8 /* Development */ = {
			isa = XCBuildConfiguration;
			buildSettings = {
				EXECUTABLE_EXTENSION = pd_darwin;
				GCC_PREPROCESSOR_DEFINITIONS = (
					"$(inherited)",
					"FLEXT_SYS=2",
					FLEXT_INLINE,
				);
				HEADER_SEARCH_PATHS = (
					"$(inherited)",
					"$(PD)/src",
				);
				MACH_O_TYPE = mh_dylib;
				OTHER_LDFLAGS = (
					"-lflext-pd_sd",
					"-undefined",
					dynamic_lookup,
				);
				PRODUCT_NAME = absattr;
			};
			name = Development;
		};
		E93DD63B1B055446001A2FB8 /* Deployment */ = {
			isa = XCBuildConfiguration;
			buildSettings = {
				EXECUTABLE_EXTENSION = pd_darwin;
				GCC_PREPROCESSOR_DEFINITIONS = (
					"$(inherited)",
					"FLEXT_SYS=2",
					FLEXT_INLINE,
				);
				HEADER_SEARCH_PATHS = (
					"$(inherited)",
					"$(PD)/src",
				);
				INSTALL_PATH = "~/Library/Pure Data";
				MACH_O_TYPE = mh_dylib;
				OTHER_LDFLAGS = (
					"-lflext-pd_s",
					"-undefined",
					dynamic_lookup,
				);
				PRODUCT_NAME = absattr;
			};
			name = Deployment;
		};
		E93DD63C1B055446001A2FB8 /* Default */ = {
			isa = XCBuildConfiguration;
			buildSettings = {
				EXECUTABLE_EXTENSION = pd_darwin;
				HEADER_SEARCH_PATHS = (
					"$(inherited)",
					"$(PD)/src",
				);
				MACH_O_TYPE = mh_dylib;
				PRODUCT_NAME = absattr;
			};
			name = Default;
		};
		E93DD6451B055451001A2FB8 /* Development */ = {
			isa = XCBuildConfiguration;
			buildSettings = {
				EXECUTABLE_EXTENSION = pd_darwin;
				GCC_PREPROCESSOR_DEFINITIONS = (
					"$(inherited)",
					"FLEXT_SYS=2",
					FLEXT_THREADS,
				);
				HEADER_SEARCH_PATHS = (
					"$(inherited)",
					"$(PD)/src",
				);
				OTHER_LDFLAGS = (
					"-lflext-pd_td",
					"-undefined",
					dynamic_lookup,
				);
				PRODUCT_NAME = absattr;
			};
			name = Development;
		};
		E93DD6461B055451001A2FB8 /* Deployment */ = {
			isa = XCBuildConfiguration;
			buildSettings = {
				EXECUTABLE_EXTENSION = pd_darwin;
				GCC_PREPROCESSOR_DEFINITIONS = (
					"$(inherited)",
					"FLEXT_SYS=2",
					FLEXT_THREADS,
				);
				HEADER_SEARCH_PATHS = (
					"$(inherited)",
					"$(PD)/src",
				);
				INSTALL_PATH = "~/Library/Pure Data";
				OTHER_LDFLAGS = (
					"-lflext-pd_t",
					"-undefined",
					dynamic_lookup,
				);
				PRODUCT_NAME = absattr;
			};
			name = Deployment;
		};
		E93DD6471B055451001A2FB8 /* Default */ = {
			isa = XCBuildConfiguration;
			buildSettings = {
				EXECUTABLE_EXTENSION = pd_darwin;
				GCC_PREPROCESSOR_DEFINITIONS = "FLEXT_SYS=2";
				HEADER_SEARCH_PATHS = (
					"$(inherited)",
					"$(PD)/src",
				);
				PRODUCT_NAME = absattr;
			};
			name = Default;
		};
		E93DD64F1B055DAB001A2FB8 /* Development */ = {
			isa = XCBuildConfiguration;
			buildSettings = {
				EXECUTABLE_EXTENSION = pd_darwin;
				GCC_INLINES_ARE_PRIVATE_EXTERN = NO;
				GCC_PREPROCESSOR_DEFINITIONS = (
					"$(inherited)",
					"FLEXT_SYS=2",
					FLEXT_INLINE,
					FLEXT_THREADS,
				);
				HEADER_SEARCH_PATHS = (
					"$(inherited)",
					"$(PD)/src",
				);
				MACH_O_TYPE = mh_dylib;
				OTHER_LDFLAGS = (
					"-undefined",
					dynamic_lookup,
				);
				PRODUCT_NAME = absattr;
			};
			name = Development;
		};
		E93DD6501B055DAB001A2FB8 /* Deployment */ = {
			isa = XCBuildConfiguration;
			buildSettings = {
				EXECUTABLE_EXTENSION = pd_darwin;
				GCC_INLINES_ARE_PRIVATE_EXTERN = NO;
				GCC_PREPROCESSOR_DEFINITIONS = (
					"$(inherited)",
					"FLEXT_SYS=2",
					FLEXT_INLINE,
					FLEXT_THREADS,
				);
				HEADER_SEARCH_PATHS = (
					"$(inherited)",
					"$(PD)/src",
				);
				INSTALL_PATH = "~/Library/Pure Data";
				MACH_O_TYPE = mh_dylib;
				OTHER_LDFLAGS = (
					"-undefined",
					dynamic_lookup,
				);
				PRODUCT_NAME = absattr;
			};
			name = Deployment;
		};
		E93DD6511B055DAB001A2FB8 /* Default */ = {
			isa = XCBuildConfiguration;
			buildSettings = {
				EXECUTABLE_EXTENSION = pd_darwin;
				GCC_INLINES_ARE_PRIVATE_EXTERN = NO;
				HEADER_SEARCH_PATHS = (
					"$(inherited)",
					"$(PD)/src",
				);
				MACH_O_TYPE = mh_dylib;
				PRODUCT_NAME = absattr;
			};
			name = Default;
		};
		E9A5BC8B0A33819900AD9F03 /* Development */ = {
			isa = XCBuildConfiguration;
			buildSettings = {
				EXECUTABLE_EXTENSION = pd_darwin;
				GCC_PREPROCESSOR_DEFINITIONS = (
					"$(inherited)",
					"FLEXT_SYS=2",
				);
				HEADER_SEARCH_PATHS = (
					"$(inherited)",
					"$(PD)/src",
					"$(flext)/source",
				);
				MACH_O_TYPE = mh_dylib;
				OTHER_LDFLAGS = (
					"-lflext-pd_sd",
					"-undefined",
					dynamic_lookup,
				);
			};
			name = Development;
		};
		E9A5BC8C0A33819900AD9F03 /* Deployment */ = {
			isa = XCBuildConfiguration;
			buildSettings = {
				EXECUTABLE_EXTENSION = pd_darwin;
				GCC_PREPROCESSOR_DEFINITIONS = (
					"$(inherited)",
					"FLEXT_SYS=2",
				);
				HEADER_SEARCH_PATHS = (
					"$(inherited)",
					"$(PD)/src",
					"$(flext)/source",
				);
				MACH_O_TYPE = mh_dylib;
				OTHER_LDFLAGS = (
					"-lflext-pd_s",
					"-undefined",
					dynamic_lookup,
				);
			};
			name = Deployment;
		};
		E9A5BC8D0A33819900AD9F03 /* Default */ = {
			isa = XCBuildConfiguration;
			buildSettings = {
				EXECUTABLE_EXTENSION = pd_darwin;
				HEADER_SEARCH_PATHS = (
					"$(inherited)",
					"$(PD)/src",
					"$(flext)/source",
				);
				MACH_O_TYPE = mh_dylib;
			};
			name = Default;
		};
		E9A5BC8F0A33819900AD9F03 /* Development */ = {
			isa = XCBuildConfiguration;
			buildSettings = {
				COMBINE_HIDPI_IMAGES = YES;
				COPY_PHASE_STRIP = NO;
				DEBUGGING_SYMBOLS = YES;
				GCC_OPTIMIZATION_LEVEL = 0;
				GCC_PREPROCESSOR_DEFINITIONS = (
					"$(inherited)",
					"FLEXT_SYS=1",
				);
				GENERATE_PKGINFO_FILE = YES;
				HEADER_SEARCH_PATHS = (
					"$(maxsdk)/max-includes",
					"$(maxsdk)/msp-includes",
					"$(flext)/source",
				);
				INFOPLIST_FILE = Info.plist;
				INFOPLIST_PREPROCESS = YES;
				INSTALL_PATH = "/Library/Application Support/Cycling 74/externals/flext";
				LIBRARY_SEARCH_PATHS = "$(flext)/build";
				LIBRARY_STYLE = DYNAMIC;
				OTHER_LDFLAGS = "-lflext-max_sd";
				OTHER_REZFLAGS = "";
				SECTORDER_FLAGS = "";
				WARNING_CFLAGS = (
					"-Wmost",
					"-Wno-four-char-constants",
					"-Wno-unknown-pragmas",
				);
				WRAPPER_EXTENSION = mxo;
				ZERO_LINK = YES;
			};
			name = Development;
		};
		E9A5BC900A33819900AD9F03 /* Deployment */ = {
			isa = XCBuildConfiguration;
			buildSettings = {
				COMBINE_HIDPI_IMAGES = YES;
				COPY_PHASE_STRIP = YES;
				GCC_PREPROCESSOR_DEFINITIONS = (
					"$(inherited)",
					"FLEXT_SYS=1",
				);
				GENERATE_PKGINFO_FILE = YES;
				HEADER_SEARCH_PATHS = (
					"$(maxsdk)/max-includes",
					"$(maxsdk)/msp-includes",
					"$(flext)/source",
				);
				INFOPLIST_FILE = Info.plist;
				INFOPLIST_PREPROCESS = YES;
				INSTALL_PATH = "/Library/Application Support/Cycling 74/externals/flext";
				LIBRARY_SEARCH_PATHS = "$(flext)/build";
				LIBRARY_STYLE = DYNAMIC;
				OTHER_LDFLAGS = "-lflext-max_s";
				OTHER_REZFLAGS = "";
				SECTORDER_FLAGS = "";
				WARNING_CFLAGS = (
					"-Wmost",
					"-Wno-four-char-constants",
					"-Wno-unknown-pragmas",
				);
				WRAPPER_EXTENSION = mxo;
				ZERO_LINK = NO;
			};
			name = Deployment;
		};
		E9A5BC910A33819900AD9F03 /* Default */ = {
			isa = XCBuildConfiguration;
			buildSettings = {
				COMBINE_HIDPI_IMAGES = YES;
				GCC_PREPROCESSOR_DEFINITIONS = "FLEXT_SYS=1";
				GENERATE_PKGINFO_FILE = YES;
				HEADER_SEARCH_PATHS = (
					"$(maxsdk)/max-includes",
					"$(maxsdk)/msp-includes",
					"$(flext)/source",
				);
				INFOPLIST_FILE = "source/xsample-Info.plist";
				INSTALL_PATH = "/Library/Application Support/Cycling 74/externals/flext";
				LIBRARY_SEARCH_PATHS = "$(flext)/build";
				LIBRARY_STYLE = DYNAMIC;
				OTHER_CFLAGS = "";
				OTHER_REZFLAGS = "";
				PRODUCT_NAME = xsample;
				SECTORDER_FLAGS = "";
				WARNING_CFLAGS = (
					"-Wmost",
					"-Wno-four-char-constants",
					"-Wno-unknown-pragmas",
				);
				WRAPPER_EXTENSION = mxo;
			};
			name = Default;
		};
		E9A5BC930A33819900AD9F03 /* Development */ = {
			isa = XCBuildConfiguration;
			buildSettings = {
				ARCHS = "$(ARCHS_STANDARD_32_64_BIT)";
				GCC_ENABLE_FIX_AND_CONTINUE = YES;
				GCC_FAST_MATH = YES;
				GCC_INLINES_ARE_PRIVATE_EXTERN = YES;
				GCC_OPTIMIZATION_LEVEL = 0;
				GCC_PREPROCESSOR_DEFINITIONS = (
					_DEBUG,
					FLEXT_USE_SIMD,
					FLEXT_USE_CMEM,
					"FLEXT_ATTRIBUTES=1",
				);
				HEADER_SEARCH_PATHS = "$(flext)/source";
				LIBRARY_SEARCH_PATHS = /usr/local/lib;
				MACOSX_DEPLOYMENT_TARGET = 10.6;
				PRODUCT_NAME = absattr;
			};
			name = Development;
		};
		E9A5BC940A33819900AD9F03 /* Deployment */ = {
			isa = XCBuildConfiguration;
			buildSettings = {
				ARCHS = "$(ARCHS_STANDARD_32_64_BIT)";
				DEPLOYMENT_LOCATION = YES;
				GCC_FAST_MATH = YES;
				GCC_GENERATE_DEBUGGING_SYMBOLS = NO;
				GCC_INLINES_ARE_PRIVATE_EXTERN = YES;
				GCC_OPTIMIZATION_LEVEL = 3;
				GCC_PREPROCESSOR_DEFINITIONS = (
					NDEBUG,
					FLEXT_USE_SIMD,
					FLEXT_USE_CMEM,
					"FLEXT_ATTRIBUTES=1",
				);
				HEADER_SEARCH_PATHS = "$(flext)/source";
				INSTALL_PATH = "~/Library/Pure Data";
				LIBRARY_SEARCH_PATHS = /usr/local/lib;
				MACOSX_DEPLOYMENT_TARGET = 10.6;
				PRODUCT_NAME = absattr;
			};
			name = Deployment;
		};
		E9A5BC950A33819900AD9F03 /* Default */ = {
			isa = XCBuildConfiguration;
			buildSettings = {
				ARCHS = "$(ARCHS_STANDARD_32_64_BIT)";
				GCC_FAST_MATH = YES;
				GCC_INLINES_ARE_PRIVATE_EXTERN = YES;
				HEADER_SEARCH_PATHS = "$(flext)/source";
				LIBRARY_SEARCH_PATHS = /usr/local/lib;
				MACOSX_DEPLOYMENT_TARGET = 10.6;
				PRODUCT_NAME = absattr;
			};
			name = Default;
		};
/* End XCBuildConfiguration section */

/* Begin XCConfigurationList section */
		E93DD6391B055446001A2FB8 /* Build configuration list for PBXNativeTarget "pd inline" */ = {
			isa = XCConfigurationList;
			buildConfigurations = (
				E93DD63A1B055446001A2FB8 /* Development */,
				E93DD63B1B055446001A2FB8 /* Deployment */,
				E93DD63C1B055446001A2FB8 /* Default */,
			);
			defaultConfigurationIsVisible = 0;
			defaultConfigurationName = Default;
		};
		E93DD6441B055451001A2FB8 /* Build configuration list for PBXNativeTarget "pd static multi" */ = {
			isa = XCConfigurationList;
			buildConfigurations = (
				E93DD6451B055451001A2FB8 /* Development */,
				E93DD6461B055451001A2FB8 /* Deployment */,
				E93DD6471B055451001A2FB8 /* Default */,
			);
			defaultConfigurationIsVisible = 0;
			defaultConfigurationName = Default;
		};
		E93DD64E1B055DAB001A2FB8 /* Build configuration list for PBXNativeTarget "pd inline multi" */ = {
			isa = XCConfigurationList;
			buildConfigurations = (
				E93DD64F1B055DAB001A2FB8 /* Development */,
				E93DD6501B055DAB001A2FB8 /* Deployment */,
				E93DD6511B055DAB001A2FB8 /* Default */,
			);
			defaultConfigurationIsVisible = 0;
			defaultConfigurationName = Default;
		};
		E9A5BC8A0A33819900AD9F03 /* Build configuration list for PBXNativeTarget "pd static" */ = {
			isa = XCConfigurationList;
			buildConfigurations = (
				E9A5BC8B0A33819900AD9F03 /* Development */,
				E9A5BC8C0A33819900AD9F03 /* Deployment */,
				E9A5BC8D0A33819900AD9F03 /* Default */,
			);
			defaultConfigurationIsVisible = 0;
			defaultConfigurationName = Default;
		};
		E9A5BC8E0A33819900AD9F03 /* Build configuration list for PBXNativeTarget "max static" */ = {
			isa = XCConfigurationList;
			buildConfigurations = (
				E9A5BC8F0A33819900AD9F03 /* Development */,
				E9A5BC900A33819900AD9F03 /* Deployment */,
				E9A5BC910A33819900AD9F03 /* Default */,
			);
			defaultConfigurationIsVisible = 0;
			defaultConfigurationName = Default;
		};
		E9A5BC920A33819900AD9F03 /* Build configuration list for PBXProject "absattr" */ = {
			isa = XCConfigurationList;
			buildConfigurations = (
				E9A5BC930A33819900AD9F03 /* Development */,
				E9A5BC940A33819900AD9F03 /* Deployment */,
				E9A5BC950A33819900AD9F03 /* Default */,
			);
			defaultConfigurationIsVisible = 0;
			defaultConfigurationName = Default;
		};
/* End XCConfigurationList section */
	};
	rootObject = 0867D690FE84028FC02AAC07 /* Project object */;
}
